// !$*UTF8*$!
{
	archiveVersion = 1;
	classes = {
	};
	objectVersion = 46;
	objects = {

/* Begin PBXBuildFile section */
		D46C814B16BBDF8200EE0BA6 /* UIKit.framework in Frameworks */ = {isa = PBXBuildFile; fileRef = D46C814A16BBDF8200EE0BA6 /* UIKit.framework */; };
		D46C814D16BBDF8200EE0BA6 /* Foundation.framework in Frameworks */ = {isa = PBXBuildFile; fileRef = D46C814C16BBDF8200EE0BA6 /* Foundation.framework */; };
		D46C814F16BBDF8200EE0BA6 /* CoreGraphics.framework in Frameworks */ = {isa = PBXBuildFile; fileRef = D46C814E16BBDF8200EE0BA6 /* CoreGraphics.framework */; };
		D46C815116BBDF8200EE0BA6 /* CoreData.framework in Frameworks */ = {isa = PBXBuildFile; fileRef = D46C815016BBDF8200EE0BA6 /* CoreData.framework */; };
		D46C815716BBDF8200EE0BA6 /* InfoPlist.strings in Resources */ = {isa = PBXBuildFile; fileRef = D46C815516BBDF8200EE0BA6 /* InfoPlist.strings */; };
		D46C815916BBDF8200EE0BA6 /* main.m in Sources */ = {isa = PBXBuildFile; fileRef = D46C815816BBDF8200EE0BA6 /* main.m */; };
		D46C815D16BBDF8200EE0BA6 /* AppDelegate.m in Sources */ = {isa = PBXBuildFile; fileRef = D46C815C16BBDF8200EE0BA6 /* AppDelegate.m */; };
		D46C815F16BBDF8200EE0BA6 /* Default.png in Resources */ = {isa = PBXBuildFile; fileRef = D46C815E16BBDF8200EE0BA6 /* Default.png */; };
		D46C816116BBDF8200EE0BA6 /* Default@2x.png in Resources */ = {isa = PBXBuildFile; fileRef = D46C816016BBDF8200EE0BA6 /* Default@2x.png */; };
		D46C816316BBDF8200EE0BA6 /* Default-568h@2x.png in Resources */ = {isa = PBXBuildFile; fileRef = D46C816216BBDF8200EE0BA6 /* Default-568h@2x.png */; };
		D46C816616BBDF8200EE0BA6 /* FileManager.xcdatamodeld in Sources */ = {isa = PBXBuildFile; fileRef = D46C816416BBDF8200EE0BA6 /* FileManager.xcdatamodeld */; };
		D46C816916BBDF8200EE0BA6 /* MasterViewController.m in Sources */ = {isa = PBXBuildFile; fileRef = D46C816816BBDF8200EE0BA6 /* MasterViewController.m */; };
		D46C816F16BBDF8200EE0BA6 /* MasterViewController_iPhone.xib in Resources */ = {isa = PBXBuildFile; fileRef = D46C816D16BBDF8200EE0BA6 /* MasterViewController_iPhone.xib */; };
		D46C817216BBDF8200EE0BA6 /* MasterViewController_iPad.xib in Resources */ = {isa = PBXBuildFile; fileRef = D46C817016BBDF8200EE0BA6 /* MasterViewController_iPad.xib */; };
		D46C818016BBDF8300EE0BA6 /* SenTestingKit.framework in Frameworks */ = {isa = PBXBuildFile; fileRef = D46C817F16BBDF8300EE0BA6 /* SenTestingKit.framework */; };
		D46C818116BBDF8300EE0BA6 /* UIKit.framework in Frameworks */ = {isa = PBXBuildFile; fileRef = D46C814A16BBDF8200EE0BA6 /* UIKit.framework */; };
		D46C818216BBDF8300EE0BA6 /* Foundation.framework in Frameworks */ = {isa = PBXBuildFile; fileRef = D46C814C16BBDF8200EE0BA6 /* Foundation.framework */; };
		D46C818316BBDF8300EE0BA6 /* CoreData.framework in Frameworks */ = {isa = PBXBuildFile; fileRef = D46C815016BBDF8200EE0BA6 /* CoreData.framework */; };
		D46C818B16BBDF8300EE0BA6 /* InfoPlist.strings in Resources */ = {isa = PBXBuildFile; fileRef = D46C818916BBDF8300EE0BA6 /* InfoPlist.strings */; };
		D46C818E16BBDF8300EE0BA6 /* FileManagerTests.m in Sources */ = {isa = PBXBuildFile; fileRef = D46C818D16BBDF8300EE0BA6 /* FileManagerTests.m */; };
		D46C819F16BFA2CC00EE0BA6 /* HomeViewController.m in Sources */ = {isa = PBXBuildFile; fileRef = D46C819D16BFA2CC00EE0BA6 /* HomeViewController.m */; };
		D46C81A016BFA2CC00EE0BA6 /* HomeViewController.xib in Resources */ = {isa = PBXBuildFile; fileRef = D46C819E16BFA2CC00EE0BA6 /* HomeViewController.xib */; };
		D46C81A316BFB27800EE0BA6 /* DataManger.m in Sources */ = {isa = PBXBuildFile; fileRef = D46C81A216BFB27800EE0BA6 /* DataManger.m */; };
		D46C81A916BFB34800EE0BA6 /* SVProgressHUD.bundle in Resources */ = {isa = PBXBuildFile; fileRef = D46C81A616BFB34800EE0BA6 /* SVProgressHUD.bundle */; };
		D46C81D116BFB44D00EE0BA6 /* CFNetwork.framework in Frameworks */ = {isa = PBXBuildFile; fileRef = D46C81D016BFB44D00EE0BA6 /* CFNetwork.framework */; };
		D46C81D316BFB45100EE0BA6 /* SystemConfiguration.framework in Frameworks */ = {isa = PBXBuildFile; fileRef = D46C81D216BFB45100EE0BA6 /* SystemConfiguration.framework */; };
		D46C81D516BFB46000EE0BA6 /* MobileCoreServices.framework in Frameworks */ = {isa = PBXBuildFile; fileRef = D46C81D416BFB46000EE0BA6 /* MobileCoreServices.framework */; };
		D46C81D716BFB46A00EE0BA6 /* libz.dylib in Frameworks */ = {isa = PBXBuildFile; fileRef = D46C81D616BFB46A00EE0BA6 /* libz.dylib */; };
		D46C81E716BFC07000EE0BA6 /* DBAdapter.m in Sources */ = {isa = PBXBuildFile; fileRef = D46C81E616BFC07000EE0BA6 /* DBAdapter.m */; };
		D46C81EA16BFC11500EE0BA6 /* AccountInfo.m in Sources */ = {isa = PBXBuildFile; fileRef = D46C81E916BFC11500EE0BA6 /* AccountInfo.m */; };
		D46C81F516BFC93F00EE0BA6 /* FileDBManager.m in Sources */ = {isa = PBXBuildFile; fileRef = D46C81F416BFC93F00EE0BA6 /* FileDBManager.m */; };
		D46C81F816BFF3B400EE0BA6 /* FileViewCell.m in Sources */ = {isa = PBXBuildFile; fileRef = D46C81F716BFF3B200EE0BA6 /* FileViewCell.m */; };
		D46C81FA16BFF3D500EE0BA6 /* FileViewCell.xib in Resources */ = {isa = PBXBuildFile; fileRef = D46C81F916BFF3D400EE0BA6 /* FileViewCell.xib */; };
		D4BD010416C121B800AC5C83 /* FileInfo.m in Sources */ = {isa = PBXBuildFile; fileRef = D4BD010316C121B800AC5C83 /* FileInfo.m */; };
		D4BD010616C2448E00AC5C83 /* HomeViewController_Pad.xib in Resources */ = {isa = PBXBuildFile; fileRef = D4BD010516C2448E00AC5C83 /* HomeViewController_Pad.xib */; };
		D4BD010816C246A100AC5C83 /* FileViewCell_Pad.xib in Resources */ = {isa = PBXBuildFile; fileRef = D4BD010716C246A100AC5C83 /* FileViewCell_Pad.xib */; };
		D4BD011D16C24F5200AC5C83 /* NSTimer+Extras.m in Sources */ = {isa = PBXBuildFile; fileRef = D4BD010B16C24F5200AC5C83 /* NSTimer+Extras.m */; };
		D4BD011E16C24F5200AC5C83 /* popoverArrowDown.png in Resources */ = {isa = PBXBuildFile; fileRef = D4BD010C16C24F5200AC5C83 /* popoverArrowDown.png */; };
		D4BD011F16C24F5200AC5C83 /* popoverArrowDown@2x.png in Resources */ = {isa = PBXBuildFile; fileRef = D4BD010D16C24F5200AC5C83 /* popoverArrowDown@2x.png */; };
		D4BD012016C24F5200AC5C83 /* popoverArrowLeft.png in Resources */ = {isa = PBXBuildFile; fileRef = D4BD010E16C24F5200AC5C83 /* popoverArrowLeft.png */; };
		D4BD012116C24F5200AC5C83 /* popoverArrowLeft@2x.png in Resources */ = {isa = PBXBuildFile; fileRef = D4BD010F16C24F5200AC5C83 /* popoverArrowLeft@2x.png */; };
		D4BD012216C24F5200AC5C83 /* popoverArrowRight.png in Resources */ = {isa = PBXBuildFile; fileRef = D4BD011016C24F5200AC5C83 /* popoverArrowRight.png */; };
		D4BD012316C24F5200AC5C83 /* popoverArrowRight@2x.png in Resources */ = {isa = PBXBuildFile; fileRef = D4BD011116C24F5200AC5C83 /* popoverArrowRight@2x.png */; };
		D4BD012416C24F5200AC5C83 /* popoverArrowUp.png in Resources */ = {isa = PBXBuildFile; fileRef = D4BD011216C24F5200AC5C83 /* popoverArrowUp.png */; };
		D4BD012516C24F5200AC5C83 /* popoverArrowUp@2x.png in Resources */ = {isa = PBXBuildFile; fileRef = D4BD011316C24F5200AC5C83 /* popoverArrowUp@2x.png */; };
		D4BD012616C24F5200AC5C83 /* popoverBg.png in Resources */ = {isa = PBXBuildFile; fileRef = D4BD011416C24F5200AC5C83 /* popoverBg.png */; };
		D4BD012716C24F5200AC5C83 /* popoverBg@2x.png in Resources */ = {isa = PBXBuildFile; fileRef = D4BD011516C24F5200AC5C83 /* popoverBg@2x.png */; };
		D4BD012816C24F5200AC5C83 /* WEPopoverContainerView.m in Sources */ = {isa = PBXBuildFile; fileRef = D4BD011716C24F5200AC5C83 /* WEPopoverContainerView.m */; };
		D4BD012916C24F5200AC5C83 /* WEPopoverContentViewController.m in Sources */ = {isa = PBXBuildFile; fileRef = D4BD011916C24F5200AC5C83 /* WEPopoverContentViewController.m */; };
		D4BD012A16C24F5200AC5C83 /* WEPopoverController.m in Sources */ = {isa = PBXBuildFile; fileRef = D4BD011B16C24F5200AC5C83 /* WEPopoverController.m */; };
		D4E6A3D716D39092008BF828 /* SVProgressHUD.m in Sources */ = {isa = PBXBuildFile; fileRef = D4E6A3D616D39092008BF828 /* SVProgressHUD.m */; settings = {COMPILER_FLAGS = "-fno-objc-arc"; }; };
		D4E6A3DA16D390DC008BF828 /* Reachability.m in Sources */ = {isa = PBXBuildFile; fileRef = D4E6A3D916D390DC008BF828 /* Reachability.m */; settings = {COMPILER_FLAGS = "-fno-objc-arc"; }; };
		D4E6A3DD16D3910A008BF828 /* JSONKit.m in Sources */ = {isa = PBXBuildFile; fileRef = D4E6A3DC16D3910A008BF828 /* JSONKit.m */; settings = {COMPILER_FLAGS = "-fno-objc-arc"; }; };
		D4E6A3F216D39128008BF828 /* ASIAuthenticationDialog.m in Sources */ = {isa = PBXBuildFile; fileRef = D4E6A3DF16D39128008BF828 /* ASIAuthenticationDialog.m */; settings = {COMPILER_FLAGS = "-fno-objc-arc"; }; };
		D4E6A3F316D39128008BF828 /* ASIDataCompressor.m in Sources */ = {isa = PBXBuildFile; fileRef = D4E6A3E216D39128008BF828 /* ASIDataCompressor.m */; settings = {COMPILER_FLAGS = "-fno-objc-arc"; }; };
		D4E6A3F416D39128008BF828 /* ASIDataDecompressor.m in Sources */ = {isa = PBXBuildFile; fileRef = D4E6A3E416D39128008BF828 /* ASIDataDecompressor.m */; settings = {COMPILER_FLAGS = "-fno-objc-arc"; }; };
		D4E6A3F516D39128008BF828 /* ASIDownloadCache.m in Sources */ = {isa = PBXBuildFile; fileRef = D4E6A3E616D39128008BF828 /* ASIDownloadCache.m */; settings = {COMPILER_FLAGS = "-fno-objc-arc"; }; };
		D4E6A3F616D39128008BF828 /* ASIFormDataRequest.m in Sources */ = {isa = PBXBuildFile; fileRef = D4E6A3E816D39128008BF828 /* ASIFormDataRequest.m */; settings = {COMPILER_FLAGS = "-fno-objc-arc"; }; };
		D4E6A3F716D39128008BF828 /* ASIHTTPRequest.m in Sources */ = {isa = PBXBuildFile; fileRef = D4E6A3EA16D39128008BF828 /* ASIHTTPRequest.m */; settings = {COMPILER_FLAGS = "-fno-objc-arc"; }; };
		D4E6A3F816D39128008BF828 /* ASIInputStream.m in Sources */ = {isa = PBXBuildFile; fileRef = D4E6A3EE16D39128008BF828 /* ASIInputStream.m */; settings = {COMPILER_FLAGS = "-fno-objc-arc"; }; };
		D4E6A3F916D39128008BF828 /* ASINetworkQueue.m in Sources */ = {isa = PBXBuildFile; fileRef = D4E6A3F016D39128008BF828 /* ASINetworkQueue.m */; settings = {COMPILER_FLAGS = "-fno-objc-arc"; }; };
/* End PBXBuildFile section */

/* Begin PBXContainerItemProxy section */
		D46C818416BBDF8300EE0BA6 /* PBXContainerItemProxy */ = {
			isa = PBXContainerItemProxy;
			containerPortal = D46C813D16BBDF8200EE0BA6 /* Project object */;
			proxyType = 1;
			remoteGlobalIDString = D46C814516BBDF8200EE0BA6;
			remoteInfo = FileManager;
		};
/* End PBXContainerItemProxy section */

/* Begin PBXFileReference section */
		D46C814616BBDF8200EE0BA6 /* FileManager.app */ = {isa = PBXFileReference; explicitFileType = wrapper.application; includeInIndex = 0; path = FileManager.app; sourceTree = BUILT_PRODUCTS_DIR; };
		D46C814A16BBDF8200EE0BA6 /* UIKit.framework */ = {isa = PBXFileReference; lastKnownFileType = wrapper.framework; name = UIKit.framework; path = System/Library/Frameworks/UIKit.framework; sourceTree = SDKROOT; };
		D46C814C16BBDF8200EE0BA6 /* Foundation.framework */ = {isa = PBXFileReference; lastKnownFileType = wrapper.framework; name = Foundation.framework; path = System/Library/Frameworks/Foundation.framework; sourceTree = SDKROOT; };
		D46C814E16BBDF8200EE0BA6 /* CoreGraphics.framework */ = {isa = PBXFileReference; lastKnownFileType = wrapper.framework; name = CoreGraphics.framework; path = System/Library/Frameworks/CoreGraphics.framework; sourceTree = SDKROOT; };
		D46C815016BBDF8200EE0BA6 /* CoreData.framework */ = {isa = PBXFileReference; lastKnownFileType = wrapper.framework; name = CoreData.framework; path = System/Library/Frameworks/CoreData.framework; sourceTree = SDKROOT; };
		D46C815416BBDF8200EE0BA6 /* FileManager-Info.plist */ = {isa = PBXFileReference; lastKnownFileType = text.plist.xml; path = "FileManager-Info.plist"; sourceTree = "<group>"; };
		D46C815616BBDF8200EE0BA6 /* en */ = {isa = PBXFileReference; lastKnownFileType = text.plist.strings; name = en; path = en.lproj/InfoPlist.strings; sourceTree = "<group>"; };
		D46C815816BBDF8200EE0BA6 /* main.m */ = {isa = PBXFileReference; lastKnownFileType = sourcecode.c.objc; path = main.m; sourceTree = "<group>"; };
		D46C815A16BBDF8200EE0BA6 /* FileManager-Prefix.pch */ = {isa = PBXFileReference; lastKnownFileType = sourcecode.c.h; path = "FileManager-Prefix.pch"; sourceTree = "<group>"; };
		D46C815B16BBDF8200EE0BA6 /* AppDelegate.h */ = {isa = PBXFileReference; lastKnownFileType = sourcecode.c.h; path = AppDelegate.h; sourceTree = "<group>"; };
		D46C815C16BBDF8200EE0BA6 /* AppDelegate.m */ = {isa = PBXFileReference; lastKnownFileType = sourcecode.c.objc; path = AppDelegate.m; sourceTree = "<group>"; };
		D46C815E16BBDF8200EE0BA6 /* Default.png */ = {isa = PBXFileReference; lastKnownFileType = image.png; path = Default.png; sourceTree = "<group>"; };
		D46C816016BBDF8200EE0BA6 /* Default@2x.png */ = {isa = PBXFileReference; lastKnownFileType = image.png; path = "Default@2x.png"; sourceTree = "<group>"; };
		D46C816216BBDF8200EE0BA6 /* Default-568h@2x.png */ = {isa = PBXFileReference; lastKnownFileType = image.png; path = "Default-568h@2x.png"; sourceTree = "<group>"; };
		D46C816516BBDF8200EE0BA6 /* FileManager.xcdatamodel */ = {isa = PBXFileReference; lastKnownFileType = wrapper.xcdatamodel; path = FileManager.xcdatamodel; sourceTree = "<group>"; };
		D46C816716BBDF8200EE0BA6 /* MasterViewController.h */ = {isa = PBXFileReference; lastKnownFileType = sourcecode.c.h; path = MasterViewController.h; sourceTree = "<group>"; };
		D46C816816BBDF8200EE0BA6 /* MasterViewController.m */ = {isa = PBXFileReference; lastKnownFileType = sourcecode.c.objc; path = MasterViewController.m; sourceTree = "<group>"; };
		D46C816E16BBDF8200EE0BA6 /* en */ = {isa = PBXFileReference; lastKnownFileType = file.xib; name = en; path = en.lproj/MasterViewController_iPhone.xib; sourceTree = "<group>"; };
		D46C817116BBDF8200EE0BA6 /* en */ = {isa = PBXFileReference; lastKnownFileType = file.xib; name = en; path = en.lproj/MasterViewController_iPad.xib; sourceTree = "<group>"; };
		D46C817E16BBDF8300EE0BA6 /* FileManagerTests.octest */ = {isa = PBXFileReference; explicitFileType = wrapper.cfbundle; includeInIndex = 0; path = FileManagerTests.octest; sourceTree = BUILT_PRODUCTS_DIR; };
		D46C817F16BBDF8300EE0BA6 /* SenTestingKit.framework */ = {isa = PBXFileReference; lastKnownFileType = wrapper.framework; name = SenTestingKit.framework; path = Library/Frameworks/SenTestingKit.framework; sourceTree = DEVELOPER_DIR; };
		D46C818816BBDF8300EE0BA6 /* FileManagerTests-Info.plist */ = {isa = PBXFileReference; lastKnownFileType = text.plist.xml; path = "FileManagerTests-Info.plist"; sourceTree = "<group>"; };
		D46C818A16BBDF8300EE0BA6 /* en */ = {isa = PBXFileReference; lastKnownFileType = text.plist.strings; name = en; path = en.lproj/InfoPlist.strings; sourceTree = "<group>"; };
		D46C818C16BBDF8300EE0BA6 /* FileManagerTests.h */ = {isa = PBXFileReference; lastKnownFileType = sourcecode.c.h; path = FileManagerTests.h; sourceTree = "<group>"; };
		D46C818D16BBDF8300EE0BA6 /* FileManagerTests.m */ = {isa = PBXFileReference; lastKnownFileType = sourcecode.c.objc; path = FileManagerTests.m; sourceTree = "<group>"; };
		D46C819C16BFA2CC00EE0BA6 /* HomeViewController.h */ = {isa = PBXFileReference; fileEncoding = 4; lastKnownFileType = sourcecode.c.h; path = HomeViewController.h; sourceTree = "<group>"; };
		D46C819D16BFA2CC00EE0BA6 /* HomeViewController.m */ = {isa = PBXFileReference; fileEncoding = 4; lastKnownFileType = sourcecode.c.objc; path = HomeViewController.m; sourceTree = "<group>"; };
		D46C819E16BFA2CC00EE0BA6 /* HomeViewController.xib */ = {isa = PBXFileReference; fileEncoding = 4; lastKnownFileType = file.xib; path = HomeViewController.xib; sourceTree = "<group>"; };
		D46C81A116BFB27800EE0BA6 /* DataManger.h */ = {isa = PBXFileReference; fileEncoding = 4; lastKnownFileType = sourcecode.c.h; path = DataManger.h; sourceTree = "<group>"; };
		D46C81A216BFB27800EE0BA6 /* DataManger.m */ = {isa = PBXFileReference; fileEncoding = 4; lastKnownFileType = sourcecode.c.objc; path = DataManger.m; sourceTree = "<group>"; };
		D46C81A616BFB34800EE0BA6 /* SVProgressHUD.bundle */ = {isa = PBXFileReference; lastKnownFileType = "wrapper.plug-in"; path = SVProgressHUD.bundle; sourceTree = "<group>"; };
		D46C81D016BFB44D00EE0BA6 /* CFNetwork.framework */ = {isa = PBXFileReference; lastKnownFileType = wrapper.framework; name = CFNetwork.framework; path = System/Library/Frameworks/CFNetwork.framework; sourceTree = SDKROOT; };
		D46C81D216BFB45100EE0BA6 /* SystemConfiguration.framework */ = {isa = PBXFileReference; lastKnownFileType = wrapper.framework; name = SystemConfiguration.framework; path = System/Library/Frameworks/SystemConfiguration.framework; sourceTree = SDKROOT; };
		D46C81D416BFB46000EE0BA6 /* MobileCoreServices.framework */ = {isa = PBXFileReference; lastKnownFileType = wrapper.framework; name = MobileCoreServices.framework; path = System/Library/Frameworks/MobileCoreServices.framework; sourceTree = SDKROOT; };
		D46C81D616BFB46A00EE0BA6 /* libz.dylib */ = {isa = PBXFileReference; lastKnownFileType = "compiled.mach-o.dylib"; name = libz.dylib; path = usr/lib/libz.dylib; sourceTree = SDKROOT; };
		D46C81E516BFC07000EE0BA6 /* DBAdapter.h */ = {isa = PBXFileReference; fileEncoding = 4; lastKnownFileType = sourcecode.c.h; path = DBAdapter.h; sourceTree = "<group>"; };
		D46C81E616BFC07000EE0BA6 /* DBAdapter.m */ = {isa = PBXFileReference; fileEncoding = 4; lastKnownFileType = sourcecode.c.objc; path = DBAdapter.m; sourceTree = "<group>"; };
		D46C81E816BFC11500EE0BA6 /* AccountInfo.h */ = {isa = PBXFileReference; fileEncoding = 4; lastKnownFileType = sourcecode.c.h; path = AccountInfo.h; sourceTree = "<group>"; };
		D46C81E916BFC11500EE0BA6 /* AccountInfo.m */ = {isa = PBXFileReference; fileEncoding = 4; lastKnownFileType = sourcecode.c.objc; path = AccountInfo.m; sourceTree = "<group>"; };
		D46C81F316BFC93F00EE0BA6 /* FileDBManager.h */ = {isa = PBXFileReference; fileEncoding = 4; lastKnownFileType = sourcecode.c.h; path = FileDBManager.h; sourceTree = "<group>"; };
		D46C81F416BFC93F00EE0BA6 /* FileDBManager.m */ = {isa = PBXFileReference; fileEncoding = 4; lastKnownFileType = sourcecode.c.objc; path = FileDBManager.m; sourceTree = "<group>"; };
		D46C81F616BFF3B200EE0BA6 /* FileViewCell.h */ = {isa = PBXFileReference; fileEncoding = 4; lastKnownFileType = sourcecode.c.h; path = FileViewCell.h; sourceTree = "<group>"; };
		D46C81F716BFF3B200EE0BA6 /* FileViewCell.m */ = {isa = PBXFileReference; fileEncoding = 4; lastKnownFileType = sourcecode.c.objc; path = FileViewCell.m; sourceTree = "<group>"; };
		D46C81F916BFF3D400EE0BA6 /* FileViewCell.xib */ = {isa = PBXFileReference; fileEncoding = 4; lastKnownFileType = file.xib; path = FileViewCell.xib; sourceTree = "<group>"; };
		D4BD010216C121B800AC5C83 /* FileInfo.h */ = {isa = PBXFileReference; fileEncoding = 4; lastKnownFileType = sourcecode.c.h; path = FileInfo.h; sourceTree = "<group>"; };
		D4BD010316C121B800AC5C83 /* FileInfo.m */ = {isa = PBXFileReference; fileEncoding = 4; lastKnownFileType = sourcecode.c.objc; path = FileInfo.m; sourceTree = "<group>"; };
		D4BD010516C2448E00AC5C83 /* HomeViewController_Pad.xib */ = {isa = PBXFileReference; fileEncoding = 4; lastKnownFileType = file.xib; path = HomeViewController_Pad.xib; sourceTree = "<group>"; };
		D4BD010716C246A100AC5C83 /* FileViewCell_Pad.xib */ = {isa = PBXFileReference; fileEncoding = 4; lastKnownFileType = file.xib; path = FileViewCell_Pad.xib; sourceTree = "<group>"; };
		D4BD010A16C24F5200AC5C83 /* NSTimer+Extras.h */ = {isa = PBXFileReference; fileEncoding = 4; lastKnownFileType = sourcecode.c.h; path = "NSTimer+Extras.h"; sourceTree = "<group>"; };
		D4BD010B16C24F5200AC5C83 /* NSTimer+Extras.m */ = {isa = PBXFileReference; fileEncoding = 4; lastKnownFileType = sourcecode.c.objc; path = "NSTimer+Extras.m"; sourceTree = "<group>"; };
		D4BD010C16C24F5200AC5C83 /* popoverArrowDown.png */ = {isa = PBXFileReference; lastKnownFileType = image.png; path = popoverArrowDown.png; sourceTree = "<group>"; };
		D4BD010D16C24F5200AC5C83 /* popoverArrowDown@2x.png */ = {isa = PBXFileReference; lastKnownFileType = image.png; path = "popoverArrowDown@2x.png"; sourceTree = "<group>"; };
		D4BD010E16C24F5200AC5C83 /* popoverArrowLeft.png */ = {isa = PBXFileReference; lastKnownFileType = image.png; path = popoverArrowLeft.png; sourceTree = "<group>"; };
		D4BD010F16C24F5200AC5C83 /* popoverArrowLeft@2x.png */ = {isa = PBXFileReference; lastKnownFileType = image.png; path = "popoverArrowLeft@2x.png"; sourceTree = "<group>"; };
		D4BD011016C24F5200AC5C83 /* popoverArrowRight.png */ = {isa = PBXFileReference; lastKnownFileType = image.png; path = popoverArrowRight.png; sourceTree = "<group>"; };
		D4BD011116C24F5200AC5C83 /* popoverArrowRight@2x.png */ = {isa = PBXFileReference; lastKnownFileType = image.png; path = "popoverArrowRight@2x.png"; sourceTree = "<group>"; };
		D4BD011216C24F5200AC5C83 /* popoverArrowUp.png */ = {isa = PBXFileReference; lastKnownFileType = image.png; path = popoverArrowUp.png; sourceTree = "<group>"; };
		D4BD011316C24F5200AC5C83 /* popoverArrowUp@2x.png */ = {isa = PBXFileReference; lastKnownFileType = image.png; path = "popoverArrowUp@2x.png"; sourceTree = "<group>"; };
		D4BD011416C24F5200AC5C83 /* popoverBg.png */ = {isa = PBXFileReference; lastKnownFileType = image.png; path = popoverBg.png; sourceTree = "<group>"; };
		D4BD011516C24F5200AC5C83 /* popoverBg@2x.png */ = {isa = PBXFileReference; lastKnownFileType = image.png; path = "popoverBg@2x.png"; sourceTree = "<group>"; };
		D4BD011616C24F5200AC5C83 /* WEPopoverContainerView.h */ = {isa = PBXFileReference; fileEncoding = 4; lastKnownFileType = sourcecode.c.h; path = WEPopoverContainerView.h; sourceTree = "<group>"; };
		D4BD011716C24F5200AC5C83 /* WEPopoverContainerView.m */ = {isa = PBXFileReference; fileEncoding = 4; lastKnownFileType = sourcecode.c.objc; path = WEPopoverContainerView.m; sourceTree = "<group>"; };
		D4BD011816C24F5200AC5C83 /* WEPopoverContentViewController.h */ = {isa = PBXFileReference; fileEncoding = 4; lastKnownFileType = sourcecode.c.h; path = WEPopoverContentViewController.h; sourceTree = "<group>"; };
		D4BD011916C24F5200AC5C83 /* WEPopoverContentViewController.m */ = {isa = PBXFileReference; fileEncoding = 4; lastKnownFileType = sourcecode.c.objc; path = WEPopoverContentViewController.m; sourceTree = "<group>"; };
		D4BD011A16C24F5200AC5C83 /* WEPopoverController.h */ = {isa = PBXFileReference; fileEncoding = 4; lastKnownFileType = sourcecode.c.h; path = WEPopoverController.h; sourceTree = "<group>"; };
		D4BD011B16C24F5200AC5C83 /* WEPopoverController.m */ = {isa = PBXFileReference; fileEncoding = 4; lastKnownFileType = sourcecode.c.objc; path = WEPopoverController.m; sourceTree = "<group>"; };
		D4BD011C16C24F5200AC5C83 /* WEPopoverParentView.h */ = {isa = PBXFileReference; fileEncoding = 4; lastKnownFileType = sourcecode.c.h; path = WEPopoverParentView.h; sourceTree = "<group>"; };
		D4E6A3D516D39092008BF828 /* SVProgressHUD.h */ = {isa = PBXFileReference; fileEncoding = 4; lastKnownFileType = sourcecode.c.h; path = SVProgressHUD.h; sourceTree = "<group>"; };
		D4E6A3D616D39092008BF828 /* SVProgressHUD.m */ = {isa = PBXFileReference; fileEncoding = 4; lastKnownFileType = sourcecode.c.objc; path = SVProgressHUD.m; sourceTree = "<group>"; };
		D4E6A3D816D390DC008BF828 /* Reachability.h */ = {isa = PBXFileReference; fileEncoding = 4; lastKnownFileType = sourcecode.c.h; path = Reachability.h; sourceTree = "<group>"; };
		D4E6A3D916D390DC008BF828 /* Reachability.m */ = {isa = PBXFileReference; fileEncoding = 4; lastKnownFileType = sourcecode.c.objc; path = Reachability.m; sourceTree = "<group>"; };
		D4E6A3DB16D3910A008BF828 /* JSONKit.h */ = {isa = PBXFileReference; fileEncoding = 4; lastKnownFileType = sourcecode.c.h; path = JSONKit.h; sourceTree = "<group>"; };
		D4E6A3DC16D3910A008BF828 /* JSONKit.m */ = {isa = PBXFileReference; fileEncoding = 4; lastKnownFileType = sourcecode.c.objc; path = JSONKit.m; sourceTree = "<group>"; };
		D4E6A3DE16D39128008BF828 /* ASIAuthenticationDialog.h */ = {isa = PBXFileReference; fileEncoding = 4; lastKnownFileType = sourcecode.c.h; path = ASIAuthenticationDialog.h; sourceTree = "<group>"; };
		D4E6A3DF16D39128008BF828 /* ASIAuthenticationDialog.m */ = {isa = PBXFileReference; fileEncoding = 4; lastKnownFileType = sourcecode.c.objc; path = ASIAuthenticationDialog.m; sourceTree = "<group>"; };
		D4E6A3E016D39128008BF828 /* ASICacheDelegate.h */ = {isa = PBXFileReference; fileEncoding = 4; lastKnownFileType = sourcecode.c.h; path = ASICacheDelegate.h; sourceTree = "<group>"; };
		D4E6A3E116D39128008BF828 /* ASIDataCompressor.h */ = {isa = PBXFileReference; fileEncoding = 4; lastKnownFileType = sourcecode.c.h; path = ASIDataCompressor.h; sourceTree = "<group>"; };
		D4E6A3E216D39128008BF828 /* ASIDataCompressor.m */ = {isa = PBXFileReference; fileEncoding = 4; lastKnownFileType = sourcecode.c.objc; path = ASIDataCompressor.m; sourceTree = "<group>"; };
		D4E6A3E316D39128008BF828 /* ASIDataDecompressor.h */ = {isa = PBXFileReference; fileEncoding = 4; lastKnownFileType = sourcecode.c.h; path = ASIDataDecompressor.h; sourceTree = "<group>"; };
		D4E6A3E416D39128008BF828 /* ASIDataDecompressor.m */ = {isa = PBXFileReference; fileEncoding = 4; lastKnownFileType = sourcecode.c.objc; path = ASIDataDecompressor.m; sourceTree = "<group>"; };
		D4E6A3E516D39128008BF828 /* ASIDownloadCache.h */ = {isa = PBXFileReference; fileEncoding = 4; lastKnownFileType = sourcecode.c.h; path = ASIDownloadCache.h; sourceTree = "<group>"; };
		D4E6A3E616D39128008BF828 /* ASIDownloadCache.m */ = {isa = PBXFileReference; fileEncoding = 4; lastKnownFileType = sourcecode.c.objc; path = ASIDownloadCache.m; sourceTree = "<group>"; };
		D4E6A3E716D39128008BF828 /* ASIFormDataRequest.h */ = {isa = PBXFileReference; fileEncoding = 4; lastKnownFileType = sourcecode.c.h; path = ASIFormDataRequest.h; sourceTree = "<group>"; };
		D4E6A3E816D39128008BF828 /* ASIFormDataRequest.m */ = {isa = PBXFileReference; fileEncoding = 4; lastKnownFileType = sourcecode.c.objc; path = ASIFormDataRequest.m; sourceTree = "<group>"; };
		D4E6A3E916D39128008BF828 /* ASIHTTPRequest.h */ = {isa = PBXFileReference; fileEncoding = 4; lastKnownFileType = sourcecode.c.h; path = ASIHTTPRequest.h; sourceTree = "<group>"; };
		D4E6A3EA16D39128008BF828 /* ASIHTTPRequest.m */ = {isa = PBXFileReference; fileEncoding = 4; lastKnownFileType = sourcecode.c.objc; path = ASIHTTPRequest.m; sourceTree = "<group>"; };
		D4E6A3EB16D39128008BF828 /* ASIHTTPRequestConfig.h */ = {isa = PBXFileReference; fileEncoding = 4; lastKnownFileType = sourcecode.c.h; path = ASIHTTPRequestConfig.h; sourceTree = "<group>"; };
		D4E6A3EC16D39128008BF828 /* ASIHTTPRequestDelegate.h */ = {isa = PBXFileReference; fileEncoding = 4; lastKnownFileType = sourcecode.c.h; path = ASIHTTPRequestDelegate.h; sourceTree = "<group>"; };
		D4E6A3ED16D39128008BF828 /* ASIInputStream.h */ = {isa = PBXFileReference; fileEncoding = 4; lastKnownFileType = sourcecode.c.h; path = ASIInputStream.h; sourceTree = "<group>"; };
		D4E6A3EE16D39128008BF828 /* ASIInputStream.m */ = {isa = PBXFileReference; fileEncoding = 4; lastKnownFileType = sourcecode.c.objc; path = ASIInputStream.m; sourceTree = "<group>"; };
		D4E6A3EF16D39128008BF828 /* ASINetworkQueue.h */ = {isa = PBXFileReference; fileEncoding = 4; lastKnownFileType = sourcecode.c.h; path = ASINetworkQueue.h; sourceTree = "<group>"; };
		D4E6A3F016D39128008BF828 /* ASINetworkQueue.m */ = {isa = PBXFileReference; fileEncoding = 4; lastKnownFileType = sourcecode.c.objc; path = ASINetworkQueue.m; sourceTree = "<group>"; };
		D4E6A3F116D39128008BF828 /* ASIProgressDelegate.h */ = {isa = PBXFileReference; fileEncoding = 4; lastKnownFileType = sourcecode.c.h; path = ASIProgressDelegate.h; sourceTree = "<group>"; };
/* End PBXFileReference section */

/* Begin PBXFrameworksBuildPhase section */
		D46C814316BBDF8200EE0BA6 /* Frameworks */ = {
			isa = PBXFrameworksBuildPhase;
			buildActionMask = 2147483647;
			files = (
				D46C81D716BFB46A00EE0BA6 /* libz.dylib in Frameworks */,
				D46C814F16BBDF8200EE0BA6 /* CoreGraphics.framework in Frameworks */,
				D46C81D516BFB46000EE0BA6 /* MobileCoreServices.framework in Frameworks */,
				D46C81D316BFB45100EE0BA6 /* SystemConfiguration.framework in Frameworks */,
				D46C81D116BFB44D00EE0BA6 /* CFNetwork.framework in Frameworks */,
				D46C814B16BBDF8200EE0BA6 /* UIKit.framework in Frameworks */,
				D46C814D16BBDF8200EE0BA6 /* Foundation.framework in Frameworks */,
				D46C815116BBDF8200EE0BA6 /* CoreData.framework in Frameworks */,
			);
			runOnlyForDeploymentPostprocessing = 0;
		};
		D46C817A16BBDF8200EE0BA6 /* Frameworks */ = {
			isa = PBXFrameworksBuildPhase;
			buildActionMask = 2147483647;
			files = (
				D46C818016BBDF8300EE0BA6 /* SenTestingKit.framework in Frameworks */,
				D46C818116BBDF8300EE0BA6 /* UIKit.framework in Frameworks */,
				D46C818216BBDF8300EE0BA6 /* Foundation.framework in Frameworks */,
				D46C818316BBDF8300EE0BA6 /* CoreData.framework in Frameworks */,
			);
			runOnlyForDeploymentPostprocessing = 0;
		};
/* End PBXFrameworksBuildPhase section */

/* Begin PBXGroup section */
		D46C813B16BBDF8200EE0BA6 = {
			isa = PBXGroup;
			children = (
				D46C815216BBDF8200EE0BA6 /* FileManager */,
				D46C818616BBDF8300EE0BA6 /* FileManagerTests */,
				D46C814916BBDF8200EE0BA6 /* Frameworks */,
				D46C814716BBDF8200EE0BA6 /* Products */,
			);
			sourceTree = "<group>";
		};
		D46C814716BBDF8200EE0BA6 /* Products */ = {
			isa = PBXGroup;
			children = (
				D46C814616BBDF8200EE0BA6 /* FileManager.app */,
				D46C817E16BBDF8300EE0BA6 /* FileManagerTests.octest */,
			);
			name = Products;
			sourceTree = "<group>";
		};
		D46C814916BBDF8200EE0BA6 /* Frameworks */ = {
			isa = PBXGroup;
			children = (
				D46C81D616BFB46A00EE0BA6 /* libz.dylib */,
				D46C81D416BFB46000EE0BA6 /* MobileCoreServices.framework */,
				D46C81D216BFB45100EE0BA6 /* SystemConfiguration.framework */,
				D46C81D016BFB44D00EE0BA6 /* CFNetwork.framework */,
				D46C814A16BBDF8200EE0BA6 /* UIKit.framework */,
				D46C814C16BBDF8200EE0BA6 /* Foundation.framework */,
				D46C814E16BBDF8200EE0BA6 /* CoreGraphics.framework */,
				D46C815016BBDF8200EE0BA6 /* CoreData.framework */,
				D46C817F16BBDF8300EE0BA6 /* SenTestingKit.framework */,
			);
			name = Frameworks;
			sourceTree = "<group>";
		};
		D46C815216BBDF8200EE0BA6 /* FileManager */ = {
			isa = PBXGroup;
			children = (
				D46C81EB16BFC12300EE0BA6 /* Model */,
				D46C81A416BFB30B00EE0BA6 /* Libs */,
				D46C815B16BBDF8200EE0BA6 /* AppDelegate.h */,
				D46C815C16BBDF8200EE0BA6 /* AppDelegate.m */,
				D46C816716BBDF8200EE0BA6 /* MasterViewController.h */,
				D46C816816BBDF8200EE0BA6 /* MasterViewController.m */,
				D46C816D16BBDF8200EE0BA6 /* MasterViewController_iPhone.xib */,
				D46C817016BBDF8200EE0BA6 /* MasterViewController_iPad.xib */,
				D46C816416BBDF8200EE0BA6 /* FileManager.xcdatamodeld */,
				D46C815316BBDF8200EE0BA6 /* Supporting Files */,
				D46C819C16BFA2CC00EE0BA6 /* HomeViewController.h */,
				D46C819D16BFA2CC00EE0BA6 /* HomeViewController.m */,
				D46C819E16BFA2CC00EE0BA6 /* HomeViewController.xib */,
				D46C81A116BFB27800EE0BA6 /* DataManger.h */,
				D46C81A216BFB27800EE0BA6 /* DataManger.m */,
				D46C81F316BFC93F00EE0BA6 /* FileDBManager.h */,
				D46C81F416BFC93F00EE0BA6 /* FileDBManager.m */,
				D46C81F616BFF3B200EE0BA6 /* FileViewCell.h */,
				D46C81F716BFF3B200EE0BA6 /* FileViewCell.m */,
				D46C81F916BFF3D400EE0BA6 /* FileViewCell.xib */,
				D4BD010516C2448E00AC5C83 /* HomeViewController_Pad.xib */,
				D4BD010716C246A100AC5C83 /* FileViewCell_Pad.xib */,
			);
			path = FileManager;
			sourceTree = "<group>";
		};
		D46C815316BBDF8200EE0BA6 /* Supporting Files */ = {
			isa = PBXGroup;
			children = (
				D46C815416BBDF8200EE0BA6 /* FileManager-Info.plist */,
				D46C815516BBDF8200EE0BA6 /* InfoPlist.strings */,
				D46C815816BBDF8200EE0BA6 /* main.m */,
				D46C815A16BBDF8200EE0BA6 /* FileManager-Prefix.pch */,
				D46C815E16BBDF8200EE0BA6 /* Default.png */,
				D46C816016BBDF8200EE0BA6 /* Default@2x.png */,
				D46C816216BBDF8200EE0BA6 /* Default-568h@2x.png */,
			);
			name = "Supporting Files";
			sourceTree = "<group>";
		};
		D46C818616BBDF8300EE0BA6 /* FileManagerTests */ = {
			isa = PBXGroup;
			children = (
				D46C818C16BBDF8300EE0BA6 /* FileManagerTests.h */,
				D46C818D16BBDF8300EE0BA6 /* FileManagerTests.m */,
				D46C818716BBDF8300EE0BA6 /* Supporting Files */,
			);
			path = FileManagerTests;
			sourceTree = "<group>";
		};
		D46C818716BBDF8300EE0BA6 /* Supporting Files */ = {
			isa = PBXGroup;
			children = (
				D46C818816BBDF8300EE0BA6 /* FileManagerTests-Info.plist */,
				D46C818916BBDF8300EE0BA6 /* InfoPlist.strings */,
			);
			name = "Supporting Files";
			sourceTree = "<group>";
		};
		D46C81A416BFB30B00EE0BA6 /* Libs */ = {
			isa = PBXGroup;
			children = (
				D4BD010916C24F5200AC5C83 /* popover */,
				D46C81E416BFC07000EE0BA6 /* DataAdapter */,
				D46C81AB16BFB40100EE0BA6 /* ASIHTTPLib */,
				D46C81C016BFB40100EE0BA6 /* JSONKit */,
				D46C81C316BFB40100EE0BA6 /* Reachability */,
				D46C81A516BFB34800EE0BA6 /* SVProgressHUD */,
			);
			name = Libs;
			sourceTree = "<group>";
		};
		D46C81A516BFB34800EE0BA6 /* SVProgressHUD */ = {
			isa = PBXGroup;
			children = (
				D4E6A3D516D39092008BF828 /* SVProgressHUD.h */,
				D4E6A3D616D39092008BF828 /* SVProgressHUD.m */,
				D46C81A616BFB34800EE0BA6 /* SVProgressHUD.bundle */,
			);
			path = SVProgressHUD;
			sourceTree = "<group>";
		};
		D46C81AB16BFB40100EE0BA6 /* ASIHTTPLib */ = {
			isa = PBXGroup;
			children = (
				D4E6A3DE16D39128008BF828 /* ASIAuthenticationDialog.h */,
				D4E6A3DF16D39128008BF828 /* ASIAuthenticationDialog.m */,
				D4E6A3E016D39128008BF828 /* ASICacheDelegate.h */,
				D4E6A3E116D39128008BF828 /* ASIDataCompressor.h */,
				D4E6A3E216D39128008BF828 /* ASIDataCompressor.m */,
				D4E6A3E316D39128008BF828 /* ASIDataDecompressor.h */,
				D4E6A3E416D39128008BF828 /* ASIDataDecompressor.m */,
				D4E6A3E516D39128008BF828 /* ASIDownloadCache.h */,
				D4E6A3E616D39128008BF828 /* ASIDownloadCache.m */,
				D4E6A3E716D39128008BF828 /* ASIFormDataRequest.h */,
				D4E6A3E816D39128008BF828 /* ASIFormDataRequest.m */,
				D4E6A3E916D39128008BF828 /* ASIHTTPRequest.h */,
				D4E6A3EA16D39128008BF828 /* ASIHTTPRequest.m */,
				D4E6A3EB16D39128008BF828 /* ASIHTTPRequestConfig.h */,
				D4E6A3EC16D39128008BF828 /* ASIHTTPRequestDelegate.h */,
				D4E6A3ED16D39128008BF828 /* ASIInputStream.h */,
				D4E6A3EE16D39128008BF828 /* ASIInputStream.m */,
				D4E6A3EF16D39128008BF828 /* ASINetworkQueue.h */,
				D4E6A3F016D39128008BF828 /* ASINetworkQueue.m */,
				D4E6A3F116D39128008BF828 /* ASIProgressDelegate.h */,
			);
			path = ASIHTTPLib;
			sourceTree = "<group>";
		};
		D46C81C016BFB40100EE0BA6 /* JSONKit */ = {
			isa = PBXGroup;
			children = (
				D4E6A3DB16D3910A008BF828 /* JSONKit.h */,
				D4E6A3DC16D3910A008BF828 /* JSONKit.m */,
			);
			path = JSONKit;
			sourceTree = "<group>";
		};
		D46C81C316BFB40100EE0BA6 /* Reachability */ = {
			isa = PBXGroup;
			children = (
				D4E6A3D816D390DC008BF828 /* Reachability.h */,
				D4E6A3D916D390DC008BF828 /* Reachability.m */,
			);
			path = Reachability;
			sourceTree = "<group>";
		};
		D46C81E416BFC07000EE0BA6 /* DataAdapter */ = {
			isa = PBXGroup;
			children = (
				D46C81E516BFC07000EE0BA6 /* DBAdapter.h */,
				D46C81E616BFC07000EE0BA6 /* DBAdapter.m */,
			);
			path = DataAdapter;
			sourceTree = "<group>";
		};
		D46C81EB16BFC12300EE0BA6 /* Model */ = {
			isa = PBXGroup;
			children = (
				D4BD010216C121B800AC5C83 /* FileInfo.h */,
				D4BD010316C121B800AC5C83 /* FileInfo.m */,
				D46C81E816BFC11500EE0BA6 /* AccountInfo.h */,
				D46C81E916BFC11500EE0BA6 /* AccountInfo.m */,
			);
			name = Model;
			sourceTree = "<group>";
		};
		D4BD010916C24F5200AC5C83 /* popover */ = {
			isa = PBXGroup;
			children = (
				D4BD010A16C24F5200AC5C83 /* NSTimer+Extras.h */,
				D4BD010B16C24F5200AC5C83 /* NSTimer+Extras.m */,
				D4BD010C16C24F5200AC5C83 /* popoverArrowDown.png */,
				D4BD010D16C24F5200AC5C83 /* popoverArrowDown@2x.png */,
				D4BD010E16C24F5200AC5C83 /* popoverArrowLeft.png */,
				D4BD010F16C24F5200AC5C83 /* popoverArrowLeft@2x.png */,
				D4BD011016C24F5200AC5C83 /* popoverArrowRight.png */,
				D4BD011116C24F5200AC5C83 /* popoverArrowRight@2x.png */,
				D4BD011216C24F5200AC5C83 /* popoverArrowUp.png */,
				D4BD011316C24F5200AC5C83 /* popoverArrowUp@2x.png */,
				D4BD011416C24F5200AC5C83 /* popoverBg.png */,
				D4BD011516C24F5200AC5C83 /* popoverBg@2x.png */,
				D4BD011616C24F5200AC5C83 /* WEPopoverContainerView.h */,
				D4BD011716C24F5200AC5C83 /* WEPopoverContainerView.m */,
				D4BD011816C24F5200AC5C83 /* WEPopoverContentViewController.h */,
				D4BD011916C24F5200AC5C83 /* WEPopoverContentViewController.m */,
				D4BD011A16C24F5200AC5C83 /* WEPopoverController.h */,
				D4BD011B16C24F5200AC5C83 /* WEPopoverController.m */,
				D4BD011C16C24F5200AC5C83 /* WEPopoverParentView.h */,
			);
			path = popover;
			sourceTree = "<group>";
		};
/* End PBXGroup section */

/* Begin PBXNativeTarget section */
		D46C814516BBDF8200EE0BA6 /* FileManager */ = {
			isa = PBXNativeTarget;
			buildConfigurationList = D46C819116BBDF8300EE0BA6 /* Build configuration list for PBXNativeTarget "FileManager" */;
			buildPhases = (
				D46C814216BBDF8200EE0BA6 /* Sources */,
				D46C814316BBDF8200EE0BA6 /* Frameworks */,
				D46C814416BBDF8200EE0BA6 /* Resources */,
			);
			buildRules = (
			);
			dependencies = (
			);
			name = FileManager;
			productName = FileManager;
			productReference = D46C814616BBDF8200EE0BA6 /* FileManager.app */;
			productType = "com.apple.product-type.application";
		};
		D46C817D16BBDF8200EE0BA6 /* FileManagerTests */ = {
			isa = PBXNativeTarget;
			buildConfigurationList = D46C819416BBDF8300EE0BA6 /* Build configuration list for PBXNativeTarget "FileManagerTests" */;
			buildPhases = (
				D46C817916BBDF8200EE0BA6 /* Sources */,
				D46C817A16BBDF8200EE0BA6 /* Frameworks */,
				D46C817B16BBDF8200EE0BA6 /* Resources */,
				D46C817C16BBDF8200EE0BA6 /* ShellScript */,
			);
			buildRules = (
			);
			dependencies = (
				D46C818516BBDF8300EE0BA6 /* PBXTargetDependency */,
			);
			name = FileManagerTests;
			productName = FileManagerTests;
			productReference = D46C817E16BBDF8300EE0BA6 /* FileManagerTests.octest */;
			productType = "com.apple.product-type.bundle";
		};
/* End PBXNativeTarget section */

/* Begin PBXProject section */
		D46C813D16BBDF8200EE0BA6 /* Project object */ = {
			isa = PBXProject;
			attributes = {
				LastUpgradeCheck = 0450;
				ORGANIZATIONNAME = "Sufyan Anees";
			};
			buildConfigurationList = D46C814016BBDF8200EE0BA6 /* Build configuration list for PBXProject "FileManager" */;
			compatibilityVersion = "Xcode 3.2";
			developmentRegion = English;
			hasScannedForEncodings = 0;
			knownRegions = (
				en,
			);
			mainGroup = D46C813B16BBDF8200EE0BA6;
			productRefGroup = D46C814716BBDF8200EE0BA6 /* Products */;
			projectDirPath = "";
			projectRoot = "";
			targets = (
				D46C814516BBDF8200EE0BA6 /* FileManager */,
				D46C817D16BBDF8200EE0BA6 /* FileManagerTests */,
			);
		};
/* End PBXProject section */

/* Begin PBXResourcesBuildPhase section */
		D46C814416BBDF8200EE0BA6 /* Resources */ = {
			isa = PBXResourcesBuildPhase;
			buildActionMask = 2147483647;
			files = (
				D46C815716BBDF8200EE0BA6 /* InfoPlist.strings in Resources */,
				D46C815F16BBDF8200EE0BA6 /* Default.png in Resources */,
				D46C816116BBDF8200EE0BA6 /* Default@2x.png in Resources */,
				D46C816316BBDF8200EE0BA6 /* Default-568h@2x.png in Resources */,
				D46C816F16BBDF8200EE0BA6 /* MasterViewController_iPhone.xib in Resources */,
				D46C817216BBDF8200EE0BA6 /* MasterViewController_iPad.xib in Resources */,
				D46C81A016BFA2CC00EE0BA6 /* HomeViewController.xib in Resources */,
				D46C81A916BFB34800EE0BA6 /* SVProgressHUD.bundle in Resources */,
				D46C81FA16BFF3D500EE0BA6 /* FileViewCell.xib in Resources */,
				D4BD010616C2448E00AC5C83 /* HomeViewController_Pad.xib in Resources */,
				D4BD010816C246A100AC5C83 /* FileViewCell_Pad.xib in Resources */,
				D4BD011E16C24F5200AC5C83 /* popoverArrowDown.png in Resources */,
				D4BD011F16C24F5200AC5C83 /* popoverArrowDown@2x.png in Resources */,
				D4BD012016C24F5200AC5C83 /* popoverArrowLeft.png in Resources */,
				D4BD012116C24F5200AC5C83 /* popoverArrowLeft@2x.png in Resources */,
				D4BD012216C24F5200AC5C83 /* popoverArrowRight.png in Resources */,
				D4BD012316C24F5200AC5C83 /* popoverArrowRight@2x.png in Resources */,
				D4BD012416C24F5200AC5C83 /* popoverArrowUp.png in Resources */,
				D4BD012516C24F5200AC5C83 /* popoverArrowUp@2x.png in Resources */,
				D4BD012616C24F5200AC5C83 /* popoverBg.png in Resources */,
				D4BD012716C24F5200AC5C83 /* popoverBg@2x.png in Resources */,
			);
			runOnlyForDeploymentPostprocessing = 0;
		};
		D46C817B16BBDF8200EE0BA6 /* Resources */ = {
			isa = PBXResourcesBuildPhase;
			buildActionMask = 2147483647;
			files = (
				D46C818B16BBDF8300EE0BA6 /* InfoPlist.strings in Resources */,
			);
			runOnlyForDeploymentPostprocessing = 0;
		};
/* End PBXResourcesBuildPhase section */

/* Begin PBXShellScriptBuildPhase section */
		D46C817C16BBDF8200EE0BA6 /* ShellScript */ = {
			isa = PBXShellScriptBuildPhase;
			buildActionMask = 2147483647;
			files = (
			);
			inputPaths = (
			);
			outputPaths = (
			);
			runOnlyForDeploymentPostprocessing = 0;
			shellPath = /bin/sh;
			shellScript = "# Run the unit tests in this test bundle.\n\"${SYSTEM_DEVELOPER_DIR}/Tools/RunUnitTests\"\n";
		};
/* End PBXShellScriptBuildPhase section */

/* Begin PBXSourcesBuildPhase section */
		D46C814216BBDF8200EE0BA6 /* Sources */ = {
			isa = PBXSourcesBuildPhase;
			buildActionMask = 2147483647;
			files = (
				D46C815916BBDF8200EE0BA6 /* main.m in Sources */,
				D46C815D16BBDF8200EE0BA6 /* AppDelegate.m in Sources */,
				D46C816616BBDF8200EE0BA6 /* FileManager.xcdatamodeld in Sources */,
				D46C816916BBDF8200EE0BA6 /* MasterViewController.m in Sources */,
				D46C819F16BFA2CC00EE0BA6 /* HomeViewController.m in Sources */,
				D46C81A316BFB27800EE0BA6 /* DataManger.m in Sources */,
				D46C81E716BFC07000EE0BA6 /* DBAdapter.m in Sources */,
				D46C81EA16BFC11500EE0BA6 /* AccountInfo.m in Sources */,
				D46C81F516BFC93F00EE0BA6 /* FileDBManager.m in Sources */,
				D46C81F816BFF3B400EE0BA6 /* FileViewCell.m in Sources */,
				D4BD010416C121B800AC5C83 /* FileInfo.m in Sources */,
				D4BD011D16C24F5200AC5C83 /* NSTimer+Extras.m in Sources */,
				D4BD012816C24F5200AC5C83 /* WEPopoverContainerView.m in Sources */,
				D4BD012916C24F5200AC5C83 /* WEPopoverContentViewController.m in Sources */,
				D4BD012A16C24F5200AC5C83 /* WEPopoverController.m in Sources */,
				D4E6A3D716D39092008BF828 /* SVProgressHUD.m in Sources */,
				D4E6A3DA16D390DC008BF828 /* Reachability.m in Sources */,
				D4E6A3DD16D3910A008BF828 /* JSONKit.m in Sources */,
				D4E6A3F216D39128008BF828 /* ASIAuthenticationDialog.m in Sources */,
				D4E6A3F316D39128008BF828 /* ASIDataCompressor.m in Sources */,
				D4E6A3F416D39128008BF828 /* ASIDataDecompressor.m in Sources */,
				D4E6A3F516D39128008BF828 /* ASIDownloadCache.m in Sources */,
				D4E6A3F616D39128008BF828 /* ASIFormDataRequest.m in Sources */,
				D4E6A3F716D39128008BF828 /* ASIHTTPRequest.m in Sources */,
				D4E6A3F816D39128008BF828 /* ASIInputStream.m in Sources */,
				D4E6A3F916D39128008BF828 /* ASINetworkQueue.m in Sources */,
			);
			runOnlyForDeploymentPostprocessing = 0;
		};
		D46C817916BBDF8200EE0BA6 /* Sources */ = {
			isa = PBXSourcesBuildPhase;
			buildActionMask = 2147483647;
			files = (
				D46C818E16BBDF8300EE0BA6 /* FileManagerTests.m in Sources */,
			);
			runOnlyForDeploymentPostprocessing = 0;
		};
/* End PBXSourcesBuildPhase section */

/* Begin PBXTargetDependency section */
		D46C818516BBDF8300EE0BA6 /* PBXTargetDependency */ = {
			isa = PBXTargetDependency;
			target = D46C814516BBDF8200EE0BA6 /* FileManager */;
			targetProxy = D46C818416BBDF8300EE0BA6 /* PBXContainerItemProxy */;
		};
/* End PBXTargetDependency section */

/* Begin PBXVariantGroup section */
		D46C815516BBDF8200EE0BA6 /* InfoPlist.strings */ = {
			isa = PBXVariantGroup;
			children = (
				D46C815616BBDF8200EE0BA6 /* en */,
			);
			name = InfoPlist.strings;
			sourceTree = "<group>";
		};
		D46C816D16BBDF8200EE0BA6 /* MasterViewController_iPhone.xib */ = {
			isa = PBXVariantGroup;
			children = (
				D46C816E16BBDF8200EE0BA6 /* en */,
			);
			name = MasterViewController_iPhone.xib;
			sourceTree = "<group>";
		};
		D46C817016BBDF8200EE0BA6 /* MasterViewController_iPad.xib */ = {
			isa = PBXVariantGroup;
			children = (
				D46C817116BBDF8200EE0BA6 /* en */,
			);
			name = MasterViewController_iPad.xib;
			sourceTree = "<group>";
		};
		D46C818916BBDF8300EE0BA6 /* InfoPlist.strings */ = {
			isa = PBXVariantGroup;
			children = (
				D46C818A16BBDF8300EE0BA6 /* en */,
			);
			name = InfoPlist.strings;
			sourceTree = "<group>";
		};
/* End PBXVariantGroup section */

/* Begin XCBuildConfiguration section */
		D46C818F16BBDF8300EE0BA6 /* Debug */ = {
			isa = XCBuildConfiguration;
			buildSettings = {
				ALWAYS_SEARCH_USER_PATHS = NO;
				CLANG_CXX_LANGUAGE_STANDARD = "gnu++0x";
				CLANG_CXX_LIBRARY = "libc++";
				CLANG_WARN_EMPTY_BODY = YES;
				CLANG_WARN__DUPLICATE_METHOD_MATCH = YES;
				"CODE_SIGN_IDENTITY[sdk=iphoneos*]" = "iPhone Developer";
				COPY_PHASE_STRIP = NO;
				GCC_C_LANGUAGE_STANDARD = gnu99;
				GCC_DYNAMIC_NO_PIC = NO;
				GCC_OPTIMIZATION_LEVEL = 0;
				GCC_PREPROCESSOR_DEFINITIONS = (
					"DEBUG=1",
					"$(inherited)",
				);
				GCC_SYMBOLS_PRIVATE_EXTERN = NO;
				GCC_WARN_ABOUT_RETURN_TYPE = YES;
				GCC_WARN_UNINITIALIZED_AUTOS = YES;
				GCC_WARN_UNUSED_VARIABLE = YES;
				IPHONEOS_DEPLOYMENT_TARGET = 6.0;
				ONLY_ACTIVE_ARCH = YES;
				SDKROOT = iphoneos;
				TARGETED_DEVICE_FAMILY = "1,2";
			};
			name = Debug;
		};
		D46C819016BBDF8300EE0BA6 /* Release */ = {
			isa = XCBuildConfiguration;
			buildSettings = {
				ALWAYS_SEARCH_USER_PATHS = NO;
				CLANG_CXX_LANGUAGE_STANDARD = "gnu++0x";
				CLANG_CXX_LIBRARY = "libc++";
				CLANG_WARN_EMPTY_BODY = YES;
				CLANG_WARN__DUPLICATE_METHOD_MATCH = YES;
				"CODE_SIGN_IDENTITY[sdk=iphoneos*]" = "iPhone Developer";
				COPY_PHASE_STRIP = YES;
				GCC_C_LANGUAGE_STANDARD = gnu99;
				GCC_WARN_ABOUT_RETURN_TYPE = YES;
				GCC_WARN_UNINITIALIZED_AUTOS = YES;
				GCC_WARN_UNUSED_VARIABLE = YES;
				IPHONEOS_DEPLOYMENT_TARGET = 6.0;
				OTHER_CFLAGS = "-DNS_BLOCK_ASSERTIONS=1";
				SDKROOT = iphoneos;
				TARGETED_DEVICE_FAMILY = "1,2";
				VALIDATE_PRODUCT = YES;
			};
			name = Release;
		};
		D46C819216BBDF8300EE0BA6 /* Debug */ = {
			isa = XCBuildConfiguration;
			buildSettings = {
				CLANG_ENABLE_OBJC_ARC = YES;
				GCC_PRECOMPILE_PREFIX_HEADER = YES;
				GCC_PREFIX_HEADER = "FileManager/FileManager-Prefix.pch";
				HEADER_SEARCH_PATHS = "${SDK_DIR}/usr/include/libxml2";
				INFOPLIST_FILE = "FileManager/FileManager-Info.plist";
				IPHONEOS_DEPLOYMENT_TARGET = 6.0;
				PRODUCT_NAME = "$(TARGET_NAME)";
				WRAPPER_EXTENSION = app;
			};
			name = Debug;
		};
		D46C819316BBDF8300EE0BA6 /* Release */ = {
			isa = XCBuildConfiguration;
			buildSettings = {
				CLANG_ENABLE_OBJC_ARC = YES;
				GCC_PRECOMPILE_PREFIX_HEADER = YES;
				GCC_PREFIX_HEADER = "FileManager/FileManager-Prefix.pch";
				HEADER_SEARCH_PATHS = "${SDK_DIR}/usr/include/libxml2";
				INFOPLIST_FILE = "FileManager/FileManager-Info.plist";
				IPHONEOS_DEPLOYMENT_TARGET = 6.0;
				PRODUCT_NAME = "$(TARGET_NAME)";
				WRAPPER_EXTENSION = app;
			};
			name = Release;
		};
		D46C819516BBDF8300EE0BA6 /* Debug */ = {
			isa = XCBuildConfiguration;
			buildSettings = {
				BUNDLE_LOADER = "$(BUILT_PRODUCTS_DIR)/FileManager.app/FileManager";
				CLANG_ENABLE_OBJC_ARC = YES;
				FRAMEWORK_SEARCH_PATHS = (
					"\"$(SDKROOT)/Developer/Library/Frameworks\"",
					"\"$(DEVELOPER_LIBRARY_DIR)/Frameworks\"",
				);
				GCC_PRECOMPILE_PREFIX_HEADER = YES;
				GCC_PREFIX_HEADER = "FileManager/FileManager-Prefix.pch";
				INFOPLIST_FILE = "FileManagerTests/FileManagerTests-Info.plist";
				PRODUCT_NAME = "$(TARGET_NAME)";
				TEST_HOST = "$(BUNDLE_LOADER)";
				WRAPPER_EXTENSION = octest;
			};
			name = Debug;
		};
		D46C819616BBDF8300EE0BA6 /* Release */ = {
			isa = XCBuildConfiguration;
			buildSettings = {
				BUNDLE_LOADER = "$(BUILT_PRODUCTS_DIR)/FileManager.app/FileManager";
				CLANG_ENABLE_OBJC_ARC = YES;
				FRAMEWORK_SEARCH_PATHS = (
					"\"$(SDKROOT)/Developer/Library/Frameworks\"",
					"\"$(DEVELOPER_LIBRARY_DIR)/Frameworks\"",
				);
				GCC_PRECOMPILE_PREFIX_HEADER = YES;
				GCC_PREFIX_HEADER = "FileManager/FileManager-Prefix.pch";
				INFOPLIST_FILE = "FileManagerTests/FileManagerTests-Info.plist";
				PRODUCT_NAME = "$(TARGET_NAME)";
				TEST_HOST = "$(BUNDLE_LOADER)";
				WRAPPER_EXTENSION = octest;
			};
			name = Release;
		};
/* End XCBuildConfiguration section */

/* Begin XCConfigurationList section */
		D46C814016BBDF8200EE0BA6 /* Build configuration list for PBXProject "FileManager" */ = {
			isa = XCConfigurationList;
			buildConfigurations = (
				D46C818F16BBDF8300EE0BA6 /* Debug */,
				D46C819016BBDF8300EE0BA6 /* Release */,
			);
			defaultConfigurationIsVisible = 0;
			defaultConfigurationName = Release;
		};
		D46C819116BBDF8300EE0BA6 /* Build configuration list for PBXNativeTarget "FileManager" */ = {
			isa = XCConfigurationList;
			buildConfigurations = (
				D46C819216BBDF8300EE0BA6 /* Debug */,
				D46C819316BBDF8300EE0BA6 /* Release */,
			);
			defaultConfigurationIsVisible = 0;
			defaultConfigurationName = Release;
		};
		D46C819416BBDF8300EE0BA6 /* Build configuration list for PBXNativeTarget "FileManagerTests" */ = {
			isa = XCConfigurationList;
			buildConfigurations = (
				D46C819516BBDF8300EE0BA6 /* Debug */,
				D46C819616BBDF8300EE0BA6 /* Release */,
			);
			defaultConfigurationIsVisible = 0;
			defaultConfigurationName = Release;
		};
/* End XCConfigurationList section */

/* Begin XCVersionGroup section */
		D46C816416BBDF8200EE0BA6 /* FileManager.xcdatamodeld */ = {
			isa = XCVersionGroup;
			children = (
				D46C816516BBDF8200EE0BA6 /* FileManager.xcdatamodel */,
			);
			currentVersion = D46C816516BBDF8200EE0BA6 /* FileManager.xcdatamodel */;
			path = FileManager.xcdatamodeld;
			sourceTree = "<group>";
			versionGroupType = wrapper.xcdatamodel;
		};
/* End XCVersionGroup section */
	};
	rootObject = D46C813D16BBDF8200EE0BA6 /* Project object */;
}
